// !$*UTF8*$!
{
	archiveVersion = 1;
	classes = {
	};
	objectVersion = 50;
	objects = {

/* Begin PBXBuildFile section */
		69ED17C4258AA88200214165 /* AppDelegate.swift in Sources */ = {isa = PBXBuildFile; fileRef = 69ED17C3258AA88200214165 /* AppDelegate.swift */; };
		69ED17C6258AA88200214165 /* SceneDelegate.swift in Sources */ = {isa = PBXBuildFile; fileRef = 69ED17C5258AA88200214165 /* SceneDelegate.swift */; };
		69ED17C8258AA88200214165 /* ViewController.swift in Sources */ = {isa = PBXBuildFile; fileRef = 69ED17C7258AA88200214165 /* ViewController.swift */; };
		69ED17CB258AA88200214165 /* Main.storyboard in Resources */ = {isa = PBXBuildFile; fileRef = 69ED17C9258AA88200214165 /* Main.storyboard */; };
		69ED17CD258AA88600214165 /* Assets.xcassets in Resources */ = {isa = PBXBuildFile; fileRef = 69ED17CC258AA88600214165 /* Assets.xcassets */; };
		69ED17D0258AA88600214165 /* LaunchScreen.storyboard in Resources */ = {isa = PBXBuildFile; fileRef = 69ED17CE258AA88600214165 /* LaunchScreen.storyboard */; };
		69ED17DB258AA88600214165 /* TipperTests.swift in Sources */ = {isa = PBXBuildFile; fileRef = 69ED17DA258AA88600214165 /* TipperTests.swift */; };
		69ED17E6258AA88600214165 /* TipperUITests.swift in Sources */ = {isa = PBXBuildFile; fileRef = 69ED17E5258AA88600214165 /* TipperUITests.swift */; };
/* End PBXBuildFile section */

/* Begin PBXContainerItemProxy section */
		69ED17D7258AA88600214165 /* PBXContainerItemProxy */ = {
			isa = PBXContainerItemProxy;
			containerPortal = 69ED17B8258AA88200214165 /* Project object */;
			proxyType = 1;
			remoteGlobalIDString = 69ED17BF258AA88200214165;
			remoteInfo = Tipper;
		};
		69ED17E2258AA88600214165 /* PBXContainerItemProxy */ = {
			isa = PBXContainerItemProxy;
			containerPortal = 69ED17B8258AA88200214165 /* Project object */;
			proxyType = 1;
			remoteGlobalIDString = 69ED17BF258AA88200214165;
			remoteInfo = Tipper;
		};
/* End PBXContainerItemProxy section */

/* Begin PBXFileReference section */
		69ED17C0258AA88200214165 /* Tipper.app */ = {isa = PBXFileReference; explicitFileType = wrapper.application; includeInIndex = 0; path = Tipper.app; sourceTree = BUILT_PRODUCTS_DIR; };
		69ED17C3258AA88200214165 /* AppDelegate.swift */ = {isa = PBXFileReference; lastKnownFileType = sourcecode.swift; path = AppDelegate.swift; sourceTree = "<group>"; };
		69ED17C5258AA88200214165 /* SceneDelegate.swift */ = {isa = PBXFileReference; lastKnownFileType = sourcecode.swift; path = SceneDelegate.swift; sourceTree = "<group>"; };
		69ED17C7258AA88200214165 /* ViewController.swift */ = {isa = PBXFileReference; lastKnownFileType = sourcecode.swift; path = ViewController.swift; sourceTree = "<group>"; };
		69ED17CA258AA88200214165 /* Base */ = {isa = PBXFileReference; lastKnownFileType = file.storyboard; name = Base; path = Base.lproj/Main.storyboard; sourceTree = "<group>"; };
		69ED17CC258AA88600214165 /* Assets.xcassets */ = {isa = PBXFileReference; lastKnownFileType = folder.assetcatalog; path = Assets.xcassets; sourceTree = "<group>"; };
		69ED17CF258AA88600214165 /* Base */ = {isa = PBXFileReference; lastKnownFileType = file.storyboard; name = Base; path = Base.lproj/LaunchScreen.storyboard; sourceTree = "<group>"; };
		69ED17D1258AA88600214165 /* Info.plist */ = {isa = PBXFileReference; lastKnownFileType = text.plist.xml; path = Info.plist; sourceTree = "<group>"; };
		69ED17D6258AA88600214165 /* TipperTests.xctest */ = {isa = PBXFileReference; explicitFileType = wrapper.cfbundle; includeInIndex = 0; path = TipperTests.xctest; sourceTree = BUILT_PRODUCTS_DIR; };
		69ED17DA258AA88600214165 /* TipperTests.swift */ = {isa = PBXFileReference; lastKnownFileType = sourcecode.swift; path = TipperTests.swift; sourceTree = "<group>"; };
		69ED17DC258AA88600214165 /* Info.plist */ = {isa = PBXFileReference; lastKnownFileType = text.plist.xml; path = Info.plist; sourceTree = "<group>"; };
		69ED17E1258AA88600214165 /* TipperUITests.xctest */ = {isa = PBXFileReference; explicitFileType = wrapper.cfbundle; includeInIndex = 0; path = TipperUITests.xctest; sourceTree = BUILT_PRODUCTS_DIR; };
		69ED17E5258AA88600214165 /* TipperUITests.swift */ = {isa = PBXFileReference; lastKnownFileType = sourcecode.swift; path = TipperUITests.swift; sourceTree = "<group>"; };
		69ED17E7258AA88600214165 /* Info.plist */ = {isa = PBXFileReference; lastKnownFileType = text.plist.xml; path = Info.plist; sourceTree = "<group>"; };
/* End PBXFileReference section */

/* Begin PBXFrameworksBuildPhase section */
		69ED17BD258AA88200214165 /* Frameworks */ = {
			isa = PBXFrameworksBuildPhase;
			buildActionMask = 2147483647;
			files = (
			);
			runOnlyForDeploymentPostprocessing = 0;
		};
		69ED17D3258AA88600214165 /* Frameworks */ = {
			isa = PBXFrameworksBuildPhase;
			buildActionMask = 2147483647;
			files = (
			);
			runOnlyForDeploymentPostprocessing = 0;
		};
		69ED17DE258AA88600214165 /* Frameworks */ = {
			isa = PBXFrameworksBuildPhase;
			buildActionMask = 2147483647;
			files = (
			);
			runOnlyForDeploymentPostprocessing = 0;
		};
/* End PBXFrameworksBuildPhase section */

/* Begin PBXGroup section */
		69ED17B7258AA88200214165 = {
			isa = PBXGroup;
			children = (
				69ED17C2258AA88200214165 /* Tipper */,
				69ED17D9258AA88600214165 /* TipperTests */,
				69ED17E4258AA88600214165 /* TipperUITests */,
				69ED17C1258AA88200214165 /* Products */,
			);
			sourceTree = "<group>";
		};
		69ED17C1258AA88200214165 /* Products */ = {
			isa = PBXGroup;
			children = (
				69ED17C0258AA88200214165 /* Tipper.app */,
				69ED17D6258AA88600214165 /* TipperTests.xctest */,
				69ED17E1258AA88600214165 /* TipperUITests.xctest */,
			);
			name = Products;
			sourceTree = "<group>";
		};
		69ED17C2258AA88200214165 /* Tipper */ = {
			isa = PBXGroup;
			children = (
				69ED17C3258AA88200214165 /* AppDelegate.swift */,
				69ED17C5258AA88200214165 /* SceneDelegate.swift */,
				69ED17C7258AA88200214165 /* ViewController.swift */,
				69ED17C9258AA88200214165 /* Main.storyboard */,
				69ED17CC258AA88600214165 /* Assets.xcassets */,
				69ED17CE258AA88600214165 /* LaunchScreen.storyboard */,
				69ED17D1258AA88600214165 /* Info.plist */,
			);
			path = Tipper;
			sourceTree = "<group>";
		};
		69ED17D9258AA88600214165 /* TipperTests */ = {
			isa = PBXGroup;
			children = (
				69ED17DA258AA88600214165 /* TipperTests.swift */,
				69ED17DC258AA88600214165 /* Info.plist */,
			);
			path = TipperTests;
			sourceTree = "<group>";
		};
		69ED17E4258AA88600214165 /* TipperUITests */ = {
			isa = PBXGroup;
			children = (
				69ED17E5258AA88600214165 /* TipperUITests.swift */,
				69ED17E7258AA88600214165 /* Info.plist */,
			);
			path = TipperUITests;
			sourceTree = "<group>";
		};
/* End PBXGroup section */

/* Begin PBXNativeTarget section */
		69ED17BF258AA88200214165 /* Tipper */ = {
			isa = PBXNativeTarget;
			buildConfigurationList = 69ED17EA258AA88600214165 /* Build configuration list for PBXNativeTarget "Tipper" */;
			buildPhases = (
				69ED17BC258AA88200214165 /* Sources */,
				69ED17BD258AA88200214165 /* Frameworks */,
				69ED17BE258AA88200214165 /* Resources */,
			);
			buildRules = (
			);
			dependencies = (
			);
			name = Tipper;
			productName = Tipper;
			productReference = 69ED17C0258AA88200214165 /* Tipper.app */;
			productType = "com.apple.product-type.application";
		};
		69ED17D5258AA88600214165 /* TipperTests */ = {
			isa = PBXNativeTarget;
			buildConfigurationList = 69ED17ED258AA88600214165 /* Build configuration list for PBXNativeTarget "TipperTests" */;
			buildPhases = (
				69ED17D2258AA88600214165 /* Sources */,
				69ED17D3258AA88600214165 /* Frameworks */,
				69ED17D4258AA88600214165 /* Resources */,
			);
			buildRules = (
			);
			dependencies = (
				69ED17D8258AA88600214165 /* PBXTargetDependency */,
			);
			name = TipperTests;
			productName = TipperTests;
			productReference = 69ED17D6258AA88600214165 /* TipperTests.xctest */;
			productType = "com.apple.product-type.bundle.unit-test";
		};
		69ED17E0258AA88600214165 /* TipperUITests */ = {
			isa = PBXNativeTarget;
			buildConfigurationList = 69ED17F0258AA88600214165 /* Build configuration list for PBXNativeTarget "TipperUITests" */;
			buildPhases = (
				69ED17DD258AA88600214165 /* Sources */,
				69ED17DE258AA88600214165 /* Frameworks */,
				69ED17DF258AA88600214165 /* Resources */,
			);
			buildRules = (
			);
			dependencies = (
				69ED17E3258AA88600214165 /* PBXTargetDependency */,
			);
			name = TipperUITests;
			productName = TipperUITests;
			productReference = 69ED17E1258AA88600214165 /* TipperUITests.xctest */;
			productType = "com.apple.product-type.bundle.ui-testing";
		};
/* End PBXNativeTarget section */

/* Begin PBXProject section */
		69ED17B8258AA88200214165 /* Project object */ = {
			isa = PBXProject;
			attributes = {
				LastSwiftUpdateCheck = 1220;
				LastUpgradeCheck = 1220;
				TargetAttributes = {
					69ED17BF258AA88200214165 = {
						CreatedOnToolsVersion = 12.2;
					};
					69ED17D5258AA88600214165 = {
						CreatedOnToolsVersion = 12.2;
						TestTargetID = 69ED17BF258AA88200214165;
					};
					69ED17E0258AA88600214165 = {
						CreatedOnToolsVersion = 12.2;
						TestTargetID = 69ED17BF258AA88200214165;
					};
				};
			};
			buildConfigurationList = 69ED17BB258AA88200214165 /* Build configuration list for PBXProject "Tipper" */;
			compatibilityVersion = "Xcode 9.3";
			developmentRegion = en;
			hasScannedForEncodings = 0;
			knownRegions = (
				en,
				Base,
			);
			mainGroup = 69ED17B7258AA88200214165;
			productRefGroup = 69ED17C1258AA88200214165 /* Products */;
			projectDirPath = "";
			projectRoot = "";
			targets = (
				69ED17BF258AA88200214165 /* Tipper */,
				69ED17D5258AA88600214165 /* TipperTests */,
				69ED17E0258AA88600214165 /* TipperUITests */,
			);
		};
/* End PBXProject section */

/* Begin PBXResourcesBuildPhase section */
		69ED17BE258AA88200214165 /* Resources */ = {
			isa = PBXResourcesBuildPhase;
			buildActionMask = 2147483647;
			files = (
				69ED17D0258AA88600214165 /* LaunchScreen.storyboard in Resources */,
				69ED17CD258AA88600214165 /* Assets.xcassets in Resources */,
				69ED17CB258AA88200214165 /* Main.storyboard in Resources */,
			);
			runOnlyForDeploymentPostprocessing = 0;
		};
		69ED17D4258AA88600214165 /* Resources */ = {
			isa = PBXResourcesBuildPhase;
			buildActionMask = 2147483647;
			files = (
			);
			runOnlyForDeploymentPostprocessing = 0;
		};
		69ED17DF258AA88600214165 /* Resources */ = {
			isa = PBXResourcesBuildPhase;
			buildActionMask = 2147483647;
			files = (
			);
			runOnlyForDeploymentPostprocessing = 0;
		};
/* End PBXResourcesBuildPhase section */

/* Begin PBXSourcesBuildPhase section */
		69ED17BC258AA88200214165 /* Sources */ = {
			isa = PBXSourcesBuildPhase;
			buildActionMask = 2147483647;
			files = (
				69ED17C8258AA88200214165 /* ViewController.swift in Sources */,
				69ED17C4258AA88200214165 /* AppDelegate.swift in Sources */,
				69ED17C6258AA88200214165 /* SceneDelegate.swift in Sources */,
			);
			runOnlyForDeploymentPostprocessing = 0;
		};
		69ED17D2258AA88600214165 /* Sources */ = {
			isa = PBXSourcesBuildPhase;
			buildActionMask = 2147483647;
			files = (
				69ED17DB258AA88600214165 /* TipperTests.swift in Sources */,
			);
			runOnlyForDeploymentPostprocessing = 0;
		};
		69ED17DD258AA88600214165 /* Sources */ = {
			isa = PBXSourcesBuildPhase;
			buildActionMask = 2147483647;
			files = (
				69ED17E6258AA88600214165 /* TipperUITests.swift in Sources */,
			);
			runOnlyForDeploymentPostprocessing = 0;
		};
/* End PBXSourcesBuildPhase section */

/* Begin PBXTargetDependency section */
		69ED17D8258AA88600214165 /* PBXTargetDependency */ = {
			isa = PBXTargetDependency;
			target = 69ED17BF258AA88200214165 /* Tipper */;
			targetProxy = 69ED17D7258AA88600214165 /* PBXContainerItemProxy */;
		};
		69ED17E3258AA88600214165 /* PBXTargetDependency */ = {
			isa = PBXTargetDependency;
			target = 69ED17BF258AA88200214165 /* Tipper */;
			targetProxy = 69ED17E2258AA88600214165 /* PBXContainerItemProxy */;
		};
/* End PBXTargetDependency section */

/* Begin PBXVariantGroup section */
		69ED17C9258AA88200214165 /* Main.storyboard */ = {
			isa = PBXVariantGroup;
			children = (
				69ED17CA258AA88200214165 /* Base */,
			);
			name = Main.storyboard;
			sourceTree = "<group>";
		};
		69ED17CE258AA88600214165 /* LaunchScreen.storyboard */ = {
			isa = PBXVariantGroup;
			children = (
				69ED17CF258AA88600214165 /* Base */,
			);
			name = LaunchScreen.storyboard;
			sourceTree = "<group>";
		};
/* End PBXVariantGroup section */

/* Begin XCBuildConfiguration section */
		69ED17E8258AA88600214165 /* Debug */ = {
			isa = XCBuildConfiguration;
			buildSettings = {
				ALWAYS_SEARCH_USER_PATHS = NO;
				CLANG_ANALYZER_NONNULL = YES;
				CLANG_ANALYZER_NUMBER_OBJECT_CONVERSION = YES_AGGRESSIVE;
				CLANG_CXX_LANGUAGE_STANDARD = "gnu++14";
				CLANG_CXX_LIBRARY = "libc++";
				CLANG_ENABLE_MODULES = YES;
				CLANG_ENABLE_OBJC_ARC = YES;
				CLANG_ENABLE_OBJC_WEAK = YES;
				CLANG_WARN_BLOCK_CAPTURE_AUTORELEASING = YES;
				CLANG_WARN_BOOL_CONVERSION = YES;
				CLANG_WARN_COMMA = YES;
				CLANG_WARN_CONSTANT_CONVERSION = YES;
				CLANG_WARN_DEPRECATED_OBJC_IMPLEMENTATIONS = YES;
				CLANG_WARN_DIRECT_OBJC_ISA_USAGE = YES_ERROR;
				CLANG_WARN_DOCUMENTATION_COMMENTS = YES;
				CLANG_WARN_EMPTY_BODY = YES;
				CLANG_WARN_ENUM_CONVERSION = YES;
				CLANG_WARN_INFINITE_RECURSION = YES;
				CLANG_WARN_INT_CONVERSION = YES;
				CLANG_WARN_NON_LITERAL_NULL_CONVERSION = YES;
				CLANG_WARN_OBJC_IMPLICIT_RETAIN_SELF = YES;
				CLANG_WARN_OBJC_LITERAL_CONVERSION = YES;
				CLANG_WARN_OBJC_ROOT_CLASS = YES_ERROR;
				CLANG_WARN_QUOTED_INCLUDE_IN_FRAMEWORK_HEADER = YES;
				CLANG_WARN_RANGE_LOOP_ANALYSIS = YES;
				CLANG_WARN_STRICT_PROTOTYPES = YES;
				CLANG_WARN_SUSPICIOUS_MOVE = YES;
				CLANG_WARN_UNGUARDED_AVAILABILITY = YES_AGGRESSIVE;
				CLANG_WARN_UNREACHABLE_CODE = YES;
				CLANG_WARN__DUPLICATE_METHOD_MATCH = YES;
				COPY_PHASE_STRIP = NO;
				DEBUG_INFORMATION_FORMAT = dwarf;
				ENABLE_STRICT_OBJC_MSGSEND = YES;
				ENABLE_TESTABILITY = YES;
				GCC_C_LANGUAGE_STANDARD = gnu11;
				GCC_DYNAMIC_NO_PIC = NO;
				GCC_NO_COMMON_BLOCKS = YES;
				GCC_OPTIMIZATION_LEVEL = 0;
				GCC_PREPROCESSOR_DEFINITIONS = (
					"DEBUG=1",
					"$(inherited)",
				);
				GCC_WARN_64_TO_32_BIT_CONVERSION = YES;
				GCC_WARN_ABOUT_RETURN_TYPE = YES_ERROR;
				GCC_WARN_UNDECLARED_SELECTOR = YES;
				GCC_WARN_UNINITIALIZED_AUTOS = YES_AGGRESSIVE;
				GCC_WARN_UNUSED_FUNCTION = YES;
				GCC_WARN_UNUSED_VARIABLE = YES;
				IPHONEOS_DEPLOYMENT_TARGET = 14.2;
				MTL_ENABLE_DEBUG_INFO = INCLUDE_SOURCE;
				MTL_FAST_MATH = YES;
				ONLY_ACTIVE_ARCH = YES;
				SDKROOT = iphoneos;
				SWIFT_ACTIVE_COMPILATION_CONDITIONS = DEBUG;
				SWIFT_OPTIMIZATION_LEVEL = "-Onone";
			};
			name = Debug;
		};
		69ED17E9258AA88600214165 /* Release */ = {
			isa = XCBuildConfiguration;
			buildSettings = {
				ALWAYS_SEARCH_USER_PATHS = NO;
				CLANG_ANALYZER_NONNULL = YES;
				CLANG_ANALYZER_NUMBER_OBJECT_CONVERSION = YES_AGGRESSIVE;
				CLANG_CXX_LANGUAGE_STANDARD = "gnu++14";
				CLANG_CXX_LIBRARY = "libc++";
				CLANG_ENABLE_MODULES = YES;
				CLANG_ENABLE_OBJC_ARC = YES;
				CLANG_ENABLE_OBJC_WEAK = YES;
				CLANG_WARN_BLOCK_CAPTURE_AUTORELEASING = YES;
				CLANG_WARN_BOOL_CONVERSION = YES;
				CLANG_WARN_COMMA = YES;
				CLANG_WARN_CONSTANT_CONVERSION = YES;
				CLANG_WARN_DEPRECATED_OBJC_IMPLEMENTATIONS = YES;
				CLANG_WARN_DIRECT_OBJC_ISA_USAGE = YES_ERROR;
				CLANG_WARN_DOCUMENTATION_COMMENTS = YES;
				CLANG_WARN_EMPTY_BODY = YES;
				CLANG_WARN_ENUM_CONVERSION = YES;
				CLANG_WARN_INFINITE_RECURSION = YES;
				CLANG_WARN_INT_CONVERSION = YES;
				CLANG_WARN_NON_LITERAL_NULL_CONVERSION = YES;
				CLANG_WARN_OBJC_IMPLICIT_RETAIN_SELF = YES;
				CLANG_WARN_OBJC_LITERAL_CONVERSION = YES;
				CLANG_WARN_OBJC_ROOT_CLASS = YES_ERROR;
				CLANG_WARN_QUOTED_INCLUDE_IN_FRAMEWORK_HEADER = YES;
				CLANG_WARN_RANGE_LOOP_ANALYSIS = YES;
				CLANG_WARN_STRICT_PROTOTYPES = YES;
				CLANG_WARN_SUSPICIOUS_MOVE = YES;
				CLANG_WARN_UNGUARDED_AVAILABILITY = YES_AGGRESSIVE;
				CLANG_WARN_UNREACHABLE_CODE = YES;
				CLANG_WARN__DUPLICATE_METHOD_MATCH = YES;
				COPY_PHASE_STRIP = NO;
				DEBUG_INFORMATION_FORMAT = "dwarf-with-dsym";
				ENABLE_NS_ASSERTIONS = NO;
				ENABLE_STRICT_OBJC_MSGSEND = YES;
				GCC_C_LANGUAGE_STANDARD = gnu11;
				GCC_NO_COMMON_BLOCKS = YES;
				GCC_WARN_64_TO_32_BIT_CONVERSION = YES;
				GCC_WARN_ABOUT_RETURN_TYPE = YES_ERROR;
				GCC_WARN_UNDECLARED_SELECTOR = YES;
				GCC_WARN_UNINITIALIZED_AUTOS = YES_AGGRESSIVE;
				GCC_WARN_UNUSED_FUNCTION = YES;
				GCC_WARN_UNUSED_VARIABLE = YES;
				IPHONEOS_DEPLOYMENT_TARGET = 14.2;
				MTL_ENABLE_DEBUG_INFO = NO;
				MTL_FAST_MATH = YES;
				SDKROOT = iphoneos;
				SWIFT_COMPILATION_MODE = wholemodule;
				SWIFT_OPTIMIZATION_LEVEL = "-O";
				VALIDATE_PRODUCT = YES;
			};
			name = Release;
		};
		69ED17EB258AA88600214165 /* Debug */ = {
			isa = XCBuildConfiguration;
			buildSettings = {
				ASSETCATALOG_COMPILER_APPICON_NAME = AppIcon;
				ASSETCATALOG_COMPILER_GLOBAL_ACCENT_COLOR_NAME = AccentColor;
				CODE_SIGN_STYLE = Automatic;
				INFOPLIST_FILE = Tipper/Info.plist;
				LD_RUNPATH_SEARCH_PATHS = (
					"$(inherited)",
					"@executable_path/Frameworks",
				);
				PRODUCT_BUNDLE_IDENTIFIER = codepath.Tipper;
				PRODUCT_NAME = "$(TARGET_NAME)";
				SWIFT_VERSION = 5.0;
				TARGETED_DEVICE_FAMILY = "1,2";
			};
			name = Debug;
		};
		69ED17EC258AA88600214165 /* Release */ = {
			isa = XCBuildConfiguration;
			buildSettings = {
				ASSETCATALOG_COMPILER_APPICON_NAME = AppIcon;
				ASSETCATALOG_COMPILER_GLOBAL_ACCENT_COLOR_NAME = AccentColor;
				CODE_SIGN_STYLE = Automatic;
				INFOPLIST_FILE = Tipper/Info.plist;
				LD_RUNPATH_SEARCH_PATHS = (
					"$(inherited)",
					"@executable_path/Frameworks",
				);
				PRODUCT_BUNDLE_IDENTIFIER = codepath.Tipper;
				PRODUCT_NAME = "$(TARGET_NAME)";
				SWIFT_VERSION = 5.0;
				TARGETED_DEVICE_FAMILY = "1,2";
			};
			name = Release;
		};
		69ED17EE258AA88600214165 /* Debug */ = {
			isa = XCBuildConfiguration;
			buildSettings = {
				ALWAYS_EMBED_SWIFT_STANDARD_LIBRARIES = YES;
				BUNDLE_LOADER = "$(TEST_HOST)";
				CODE_SIGN_STYLE = Automatic;
				INFOPLIST_FILE = TipperTests/Info.plist;
				IPHONEOS_DEPLOYMENT_TARGET = 14.2;
				LD_RUNPATH_SEARCH_PATHS = (
					"$(inherited)",
					"@executable_path/Frameworks",
					"@loader_path/Frameworks",
				);
				PRODUCT_BUNDLE_IDENTIFIER = codepath.TipperTests;
				PRODUCT_NAME = "$(TARGET_NAME)";
				SWIFT_VERSION = 5.0;
				TARGETED_DEVICE_FAMILY = "1,2";
				TEST_HOST = "$(BUILT_PRODUCTS_DIR)/Tipper.app/Tipper";
			};
			name = Debug;
		};
		69ED17EF258AA88600214165 /* Release */ = {
			isa = XCBuildConfiguration;
			buildSettings = {
				ALWAYS_EMBED_SWIFT_STANDARD_LIBRARIES = YES;
				BUNDLE_LOADER = "$(TEST_HOST)";
				CODE_SIGN_STYLE = Automatic;
				INFOPLIST_FILE = TipperTests/Info.plist;
				IPHONEOS_DEPLOYMENT_TARGET = 14.2;
				LD_RUNPATH_SEARCH_PATHS = (
					"$(inherited)",
					"@executable_path/Frameworks",
					"@loader_path/Frameworks",
				);
				PRODUCT_BUNDLE_IDENTIFIER = codepath.TipperTests;
				PRODUCT_NAME = "$(TARGET_NAME)";
				SWIFT_VERSION = 5.0;
				TARGETED_DEVICE_FAMILY = "1,2";
				TEST_HOST = "$(BUILT_PRODUCTS_DIR)/Tipper.app/Tipper";
			};
			name = Release;
		};
		69ED17F1258AA88600214165 /* Debug */ = {
			isa = XCBuildConfiguration;
			buildSettings = {
				ALWAYS_EMBED_SWIFT_STANDARD_LIBRARIES = YES;
				CODE_SIGN_STYLE = Automatic;
				INFOPLIST_FILE = TipperUITests/Info.plist;
				LD_RUNPATH_SEARCH_PATHS = (
					"$(inherited)",
					"@executable_path/Frameworks",
					"@loader_path/Frameworks",
				);
				PRODUCT_BUNDLE_IDENTIFIER = codepath.TipperUITests;
				PRODUCT_NAME = "$(TARGET_NAME)";
				SWIFT_VERSION = 5.0;
				TARGETED_DEVICE_FAMILY = "1,2";
				TEST_TARGET_NAME = Tipper;
			};
			name = Debug;
		};
		69ED17F2258AA88600214165 /* Release */ = {
			isa = XCBuildConfiguration;
			buildSettings = {
				ALWAYS_EMBED_SWIFT_STANDARD_LIBRARIES = YES;
				CODE_SIGN_STYLE = Automatic;
				INFOPLIST_FILE = TipperUITests/Info.plist;
				LD_RUNPATH_SEARCH_PATHS = (
					"$(inherited)",
					"@executable_path/Frameworks",
					"@loader_path/Frameworks",
				);
				PRODUCT_BUNDLE_IDENTIFIER = codepath.TipperUITests;
				PRODUCT_NAME = "$(TARGET_NAME)";
				SWIFT_VERSION = 5.0;
				TARGETED_DEVICE_FAMILY = "1,2";
				TEST_TARGET_NAME = Tipper;
			};
			name = Release;
		};
/* End XCBuildConfiguration section */

/* Begin XCConfigurationList section */
		69ED17BB258AA88200214165 /* Build configuration list for PBXProject "Tipper" */ = {
			isa = XCConfigurationList;
			buildConfigurations = (
				69ED17E8258AA88600214165 /* Debug */,
				69ED17E9258AA88600214165 /* Release */,
			);
			defaultConfigurationIsVisible = 0;
			defaultConfigurationName = Release;
		};
		69ED17EA258AA88600214165 /* Build configuration list for PBXNativeTarget "Tipper" */ = {
			isa = XCConfigurationList;
			buildConfigurations = (
				69ED17EB258AA88600214165 /* Debug */,
				69ED17EC258AA88600214165 /* Release */,
			);
			defaultConfigurationIsVisible = 0;
			defaultConfigurationName = Release;
		};
		69ED17ED258AA88600214165 /* Build configuration list for PBXNativeTarget "TipperTests" */ = {
			isa = XCConfigurationList;
			buildConfigurations = (
				69ED17EE258AA88600214165 /* Debug */,
				69ED17EF258AA88600214165 /* Release */,
			);
			defaultConfigurationIsVisible = 0;
			defaultConfigurationName = Release;
		};
		69ED17F0258AA88600214165 /* Build configuration list for PBXNativeTarget "TipperUITests" */ = {
			isa = XCConfigurationList;
			buildConfigurations = (
				69ED17F1258AA88600214165 /* Debug */,
				69ED17F2258AA88600214165 /* Release */,
			);
			defaultConfigurationIsVisible = 0;
			defaultConfigurationName = Release;
		};
/* End XCConfigurationList section */
	};
	rootObject = 69ED17B8258AA88200214165 /* Project object */;
}
